{
  "name": "node-fancy-log",
  "version": "1.0.0",
  "lockfileVersion": 3,
  "requires": true,
  "packages": {
    "": {
      "name": "node-fancy-log",
      "version": "1.0.0",
      "license": "ISC",
      "dependencies": {
        "node-fancy-log": "^1.0.0"
      }
    },
    "node_modules/node-fancy-log": {
      "version": "1.0.0",
      "resolved": "https://registry.npmjs.org/node-fancy-log/-/node-fancy-log-1.0.0.tgz",
      "integrity": "sha512-Lf8rbNJB681D7OlEa9lvQbh5On1vEC43hwL7RL3nvHVd0pjJI+rrw5gDEmUqqxaHgnHsip1fxtJvE3PXitqG/g=="
    }
  }
}
